// !$*UTF8*$!
{
	archiveVersion = 1;
	classes = {
	};
	objectVersion = 48;
	objects = {

/* Begin PBXBuildFile section */
		348982361FB0102F007846F1 /* AppDelegate.swift in Sources */ = {isa = PBXBuildFile; fileRef = 348982351FB0102F007846F1 /* AppDelegate.swift */; };
		3489823B1FB0102F007846F1 /* Main.storyboard in Resources */ = {isa = PBXBuildFile; fileRef = 348982391FB0102F007846F1 /* Main.storyboard */; };
		3489823D1FB0102F007846F1 /* Assets.xcassets in Resources */ = {isa = PBXBuildFile; fileRef = 3489823C1FB0102F007846F1 /* Assets.xcassets */; };
		348982401FB0102F007846F1 /* LaunchScreen.storyboard in Resources */ = {isa = PBXBuildFile; fileRef = 3489823E1FB0102F007846F1 /* LaunchScreen.storyboard */; };
		3489824B1FB0102F007846F1 /* Conversion_CalculatorTests.swift in Sources */ = {isa = PBXBuildFile; fileRef = 3489824A1FB0102F007846F1 /* Conversion_CalculatorTests.swift */; };
		348982561FB0102F007846F1 /* Conversion_CalculatorUITests.swift in Sources */ = {isa = PBXBuildFile; fileRef = 348982551FB0102F007846F1 /* Conversion_CalculatorUITests.swift */; };
		348982641FB01913007846F1 /* ConverterViewController.swift in Sources */ = {isa = PBXBuildFile; fileRef = 348982631FB01913007846F1 /* ConverterViewController.swift */; };
		348982681FB01C00007846F1 /* ConverterStruct.swift in Sources */ = {isa = PBXBuildFile; fileRef = 348982671FB01C00007846F1 /* ConverterStruct.swift */; };
/* End PBXBuildFile section */

/* Begin PBXContainerItemProxy section */
		348982471FB0102F007846F1 /* PBXContainerItemProxy */ = {
			isa = PBXContainerItemProxy;
			containerPortal = 3489822A1FB0102F007846F1 /* Project object */;
			proxyType = 1;
			remoteGlobalIDString = 348982311FB0102F007846F1;
			remoteInfo = "Conversion Calculator";
		};
		348982521FB0102F007846F1 /* PBXContainerItemProxy */ = {
			isa = PBXContainerItemProxy;
			containerPortal = 3489822A1FB0102F007846F1 /* Project object */;
			proxyType = 1;
			remoteGlobalIDString = 348982311FB0102F007846F1;
			remoteInfo = "Conversion Calculator";
		};
/* End PBXContainerItemProxy section */

/* Begin PBXFileReference section */
		348982321FB0102F007846F1 /* Conversion Calculator.app */ = {isa = PBXFileReference; explicitFileType = wrapper.application; includeInIndex = 0; path = "Conversion Calculator.app"; sourceTree = BUILT_PRODUCTS_DIR; };
		348982351FB0102F007846F1 /* AppDelegate.swift */ = {isa = PBXFileReference; lastKnownFileType = sourcecode.swift; path = AppDelegate.swift; sourceTree = "<group>"; };
		3489823A1FB0102F007846F1 /* Base */ = {isa = PBXFileReference; lastKnownFileType = file.storyboard; name = Base; path = Base.lproj/Main.storyboard; sourceTree = "<group>"; };
		3489823C1FB0102F007846F1 /* Assets.xcassets */ = {isa = PBXFileReference; lastKnownFileType = folder.assetcatalog; path = Assets.xcassets; sourceTree = "<group>"; };
		3489823F1FB0102F007846F1 /* Base */ = {isa = PBXFileReference; lastKnownFileType = file.storyboard; name = Base; path = Base.lproj/LaunchScreen.storyboard; sourceTree = "<group>"; };
		348982411FB0102F007846F1 /* Info.plist */ = {isa = PBXFileReference; lastKnownFileType = text.plist.xml; path = Info.plist; sourceTree = "<group>"; };
		348982461FB0102F007846F1 /* Conversion CalculatorTests.xctest */ = {isa = PBXFileReference; explicitFileType = wrapper.cfbundle; includeInIndex = 0; path = "Conversion CalculatorTests.xctest"; sourceTree = BUILT_PRODUCTS_DIR; };
		3489824A1FB0102F007846F1 /* Conversion_CalculatorTests.swift */ = {isa = PBXFileReference; lastKnownFileType = sourcecode.swift; path = Conversion_CalculatorTests.swift; sourceTree = "<group>"; };
		3489824C1FB0102F007846F1 /* Info.plist */ = {isa = PBXFileReference; lastKnownFileType = text.plist.xml; path = Info.plist; sourceTree = "<group>"; };
		348982511FB0102F007846F1 /* Conversion CalculatorUITests.xctest */ = {isa = PBXFileReference; explicitFileType = wrapper.cfbundle; includeInIndex = 0; path = "Conversion CalculatorUITests.xctest"; sourceTree = BUILT_PRODUCTS_DIR; };
		348982551FB0102F007846F1 /* Conversion_CalculatorUITests.swift */ = {isa = PBXFileReference; lastKnownFileType = sourcecode.swift; path = Conversion_CalculatorUITests.swift; sourceTree = "<group>"; };
		348982571FB0102F007846F1 /* Info.plist */ = {isa = PBXFileReference; lastKnownFileType = text.plist.xml; path = Info.plist; sourceTree = "<group>"; };
		348982631FB01913007846F1 /* ConverterViewController.swift */ = {isa = PBXFileReference; lastKnownFileType = sourcecode.swift; path = ConverterViewController.swift; sourceTree = "<group>"; };
		348982671FB01C00007846F1 /* ConverterStruct.swift */ = {isa = PBXFileReference; lastKnownFileType = sourcecode.swift; path = ConverterStruct.swift; sourceTree = "<group>"; };
/* End PBXFileReference section */

/* Begin PBXFrameworksBuildPhase section */
		3489822F1FB0102F007846F1 /* Frameworks */ = {
			isa = PBXFrameworksBuildPhase;
			buildActionMask = 2147483647;
			files = (
			);
			runOnlyForDeploymentPostprocessing = 0;
		};
		348982431FB0102F007846F1 /* Frameworks */ = {
			isa = PBXFrameworksBuildPhase;
			buildActionMask = 2147483647;
			files = (
			);
			runOnlyForDeploymentPostprocessing = 0;
		};
		3489824E1FB0102F007846F1 /* Frameworks */ = {
			isa = PBXFrameworksBuildPhase;
			buildActionMask = 2147483647;
			files = (
			);
			runOnlyForDeploymentPostprocessing = 0;
		};
/* End PBXFrameworksBuildPhase section */

/* Begin PBXGroup section */
		348982291FB0102F007846F1 = {
			isa = PBXGroup;
			children = (
				348982341FB0102F007846F1 /* Conversion Calculator */,
				348982491FB0102F007846F1 /* Conversion CalculatorTests */,
				348982541FB0102F007846F1 /* Conversion CalculatorUITests */,
				348982331FB0102F007846F1 /* Products */,
			);
			sourceTree = "<group>";
		};
		348982331FB0102F007846F1 /* Products */ = {
			isa = PBXGroup;
			children = (
				348982321FB0102F007846F1 /* Conversion Calculator.app */,
				348982461FB0102F007846F1 /* Conversion CalculatorTests.xctest */,
				348982511FB0102F007846F1 /* Conversion CalculatorUITests.xctest */,
			);
			name = Products;
			sourceTree = "<group>";
		};
		348982341FB0102F007846F1 /* Conversion Calculator */ = {
			isa = PBXGroup;
			children = (
				348982351FB0102F007846F1 /* AppDelegate.swift */,
				348982391FB0102F007846F1 /* Main.storyboard */,
				3489823C1FB0102F007846F1 /* Assets.xcassets */,
				3489823E1FB0102F007846F1 /* LaunchScreen.storyboard */,
				348982411FB0102F007846F1 /* Info.plist */,
				348982631FB01913007846F1 /* ConverterViewController.swift */,
				348982671FB01C00007846F1 /* ConverterStruct.swift */,
			);
			path = "Conversion Calculator";
			sourceTree = "<group>";
		};
		348982491FB0102F007846F1 /* Conversion CalculatorTests */ = {
			isa = PBXGroup;
			children = (
				3489824A1FB0102F007846F1 /* Conversion_CalculatorTests.swift */,
				3489824C1FB0102F007846F1 /* Info.plist */,
			);
			path = "Conversion CalculatorTests";
			sourceTree = "<group>";
		};
		348982541FB0102F007846F1 /* Conversion CalculatorUITests */ = {
			isa = PBXGroup;
			children = (
				348982551FB0102F007846F1 /* Conversion_CalculatorUITests.swift */,
				348982571FB0102F007846F1 /* Info.plist */,
			);
			path = "Conversion CalculatorUITests";
			sourceTree = "<group>";
		};
/* End PBXGroup section */

/* Begin PBXNativeTarget section */
		348982311FB0102F007846F1 /* Conversion Calculator */ = {
			isa = PBXNativeTarget;
			buildConfigurationList = 3489825A1FB0102F007846F1 /* Build configuration list for PBXNativeTarget "Conversion Calculator" */;
			buildPhases = (
				3489822E1FB0102F007846F1 /* Sources */,
				3489822F1FB0102F007846F1 /* Frameworks */,
				348982301FB0102F007846F1 /* Resources */,
			);
			buildRules = (
			);
			dependencies = (
			);
			name = "Conversion Calculator";
			productName = "Conversion Calculator";
			productReference = 348982321FB0102F007846F1 /* Conversion Calculator.app */;
			productType = "com.apple.product-type.application";
		};
		348982451FB0102F007846F1 /* Conversion CalculatorTests */ = {
			isa = PBXNativeTarget;
			buildConfigurationList = 3489825D1FB0102F007846F1 /* Build configuration list for PBXNativeTarget "Conversion CalculatorTests" */;
			buildPhases = (
				348982421FB0102F007846F1 /* Sources */,
				348982431FB0102F007846F1 /* Frameworks */,
				348982441FB0102F007846F1 /* Resources */,
			);
			buildRules = (
			);
			dependencies = (
				348982481FB0102F007846F1 /* PBXTargetDependency */,
			);
			name = "Conversion CalculatorTests";
			productName = "Conversion CalculatorTests";
			productReference = 348982461FB0102F007846F1 /* Conversion CalculatorTests.xctest */;
			productType = "com.apple.product-type.bundle.unit-test";
		};
		348982501FB0102F007846F1 /* Conversion CalculatorUITests */ = {
			isa = PBXNativeTarget;
			buildConfigurationList = 348982601FB0102F007846F1 /* Build configuration list for PBXNativeTarget "Conversion CalculatorUITests" */;
			buildPhases = (
				3489824D1FB0102F007846F1 /* Sources */,
				3489824E1FB0102F007846F1 /* Frameworks */,
				3489824F1FB0102F007846F1 /* Resources */,
			);
			buildRules = (
			);
			dependencies = (
				348982531FB0102F007846F1 /* PBXTargetDependency */,
			);
			name = "Conversion CalculatorUITests";
			productName = "Conversion CalculatorUITests";
			productReference = 348982511FB0102F007846F1 /* Conversion CalculatorUITests.xctest */;
			productType = "com.apple.product-type.bundle.ui-testing";
		};
/* End PBXNativeTarget section */

/* Begin PBXProject section */
		3489822A1FB0102F007846F1 /* Project object */ = {
			isa = PBXProject;
			attributes = {
				LastSwiftUpdateCheck = 0910;
				LastUpgradeCheck = 0910;
				ORGANIZATIONNAME = "Kevin Fritz";
				TargetAttributes = {
					348982311FB0102F007846F1 = {
						CreatedOnToolsVersion = 9.1;
						ProvisioningStyle = Automatic;
					};
					348982451FB0102F007846F1 = {
						CreatedOnToolsVersion = 9.1;
						ProvisioningStyle = Automatic;
						TestTargetID = 348982311FB0102F007846F1;
					};
					348982501FB0102F007846F1 = {
						CreatedOnToolsVersion = 9.1;
						ProvisioningStyle = Automatic;
						TestTargetID = 348982311FB0102F007846F1;
					};
				};
			};
			buildConfigurationList = 3489822D1FB0102F007846F1 /* Build configuration list for PBXProject "Conversion Calculator" */;
			compatibilityVersion = "Xcode 8.0";
			developmentRegion = en;
			hasScannedForEncodings = 0;
			knownRegions = (
				en,
				Base,
			);
			mainGroup = 348982291FB0102F007846F1;
			productRefGroup = 348982331FB0102F007846F1 /* Products */;
			projectDirPath = "";
			projectRoot = "";
			targets = (
				348982311FB0102F007846F1 /* Conversion Calculator */,
				348982451FB0102F007846F1 /* Conversion CalculatorTests */,
				348982501FB0102F007846F1 /* Conversion CalculatorUITests */,
			);
		};
/* End PBXProject section */

/* Begin PBXResourcesBuildPhase section */
		348982301FB0102F007846F1 /* Resources */ = {
			isa = PBXResourcesBuildPhase;
			buildActionMask = 2147483647;
			files = (
				348982401FB0102F007846F1 /* LaunchScreen.storyboard in Resources */,
				3489823D1FB0102F007846F1 /* Assets.xcassets in Resources */,
				3489823B1FB0102F007846F1 /* Main.storyboard in Resources */,
			);
			runOnlyForDeploymentPostprocessing = 0;
		};
		348982441FB0102F007846F1 /* Resources */ = {
			isa = PBXResourcesBuildPhase;
			buildActionMask = 2147483647;
			files = (
			);
			runOnlyForDeploymentPostprocessing = 0;
		};
		3489824F1FB0102F007846F1 /* Resources */ = {
			isa = PBXResourcesBuildPhase;
			buildActionMask = 2147483647;
			files = (
			);
			runOnlyForDeploymentPostprocessing = 0;
		};
/* End PBXResourcesBuildPhase section */

/* Begin PBXSourcesBuildPhase section */
		3489822E1FB0102F007846F1 /* Sources */ = {
			isa = PBXSourcesBuildPhase;
			buildActionMask = 2147483647;
			files = (
				348982361FB0102F007846F1 /* AppDelegate.swift in Sources */,
				348982641FB01913007846F1 /* ConverterViewController.swift in Sources */,
				348982681FB01C00007846F1 /* ConverterStruct.swift in Sources */,
			);
			runOnlyForDeploymentPostprocessing = 0;
		};
		348982421FB0102F007846F1 /* Sources */ = {
			isa = PBXSourcesBuildPhase;
			buildActionMask = 2147483647;
			files = (
				3489824B1FB0102F007846F1 /* Conversion_CalculatorTests.swift in Sources */,
			);
			runOnlyForDeploymentPostprocessing = 0;
		};
		3489824D1FB0102F007846F1 /* Sources */ = {
			isa = PBXSourcesBuildPhase;
			buildActionMask = 2147483647;
			files = (
				348982561FB0102F007846F1 /* Conversion_CalculatorUITests.swift in Sources */,
			);
			runOnlyForDeploymentPostprocessing = 0;
		};
/* End PBXSourcesBuildPhase section */

/* Begin PBXTargetDependency section */
		348982481FB0102F007846F1 /* PBXTargetDependency */ = {
			isa = PBXTargetDependency;
			target = 348982311FB0102F007846F1 /* Conversion Calculator */;
			targetProxy = 348982471FB0102F007846F1 /* PBXContainerItemProxy */;
		};
		348982531FB0102F007846F1 /* PBXTargetDependency */ = {
			isa = PBXTargetDependency;
			target = 348982311FB0102F007846F1 /* Conversion Calculator */;
			targetProxy = 348982521FB0102F007846F1 /* PBXContainerItemProxy */;
		};
/* End PBXTargetDependency section */

/* Begin PBXVariantGroup section */
		348982391FB0102F007846F1 /* Main.storyboard */ = {
			isa = PBXVariantGroup;
			children = (
				3489823A1FB0102F007846F1 /* Base */,
			);
			name = Main.storyboard;
			sourceTree = "<group>";
		};
		3489823E1FB0102F007846F1 /* LaunchScreen.storyboard */ = {
			isa = PBXVariantGroup;
			children = (
				3489823F1FB0102F007846F1 /* Base */,
			);
			name = LaunchScreen.storyboard;
			sourceTree = "<group>";
		};
/* End PBXVariantGroup section */

/* Begin XCBuildConfiguration section */
		348982581FB0102F007846F1 /* Debug */ = {
			isa = XCBuildConfiguration;
			buildSettings = {
				ALWAYS_SEARCH_USER_PATHS = NO;
				CLANG_ANALYZER_NONNULL = YES;
				CLANG_ANALYZER_NUMBER_OBJECT_CONVERSION = YES_AGGRESSIVE;
				CLANG_CXX_LANGUAGE_STANDARD = "gnu++14";
				CLANG_CXX_LIBRARY = "libc++";
				CLANG_ENABLE_MODULES = YES;
				CLANG_ENABLE_OBJC_ARC = YES;
				CLANG_WARN_BLOCK_CAPTURE_AUTORELEASING = YES;
				CLANG_WARN_BOOL_CONVERSION = YES;
				CLANG_WARN_COMMA = YES;
				CLANG_WARN_CONSTANT_CONVERSION = YES;
				CLANG_WARN_DIRECT_OBJC_ISA_USAGE = YES_ERROR;
				CLANG_WARN_DOCUMENTATION_COMMENTS = YES;
				CLANG_WARN_EMPTY_BODY = YES;
				CLANG_WARN_ENUM_CONVERSION = YES;
				CLANG_WARN_INFINITE_RECURSION = YES;
				CLANG_WARN_INT_CONVERSION = YES;
				CLANG_WARN_NON_LITERAL_NULL_CONVERSION = YES;
				CLANG_WARN_OBJC_LITERAL_CONVERSION = YES;
				CLANG_WARN_OBJC_ROOT_CLASS = YES_ERROR;
				CLANG_WARN_RANGE_LOOP_ANALYSIS = YES;
				CLANG_WARN_STRICT_PROTOTYPES = YES;
				CLANG_WARN_SUSPICIOUS_MOVE = YES;
				CLANG_WARN_UNGUARDED_AVAILABILITY = YES_AGGRESSIVE;
				CLANG_WARN_UNREACHABLE_CODE = YES;
				CLANG_WARN__DUPLICATE_METHOD_MATCH = YES;
				CODE_SIGN_IDENTITY = "iPhone Developer";
				COPY_PHASE_STRIP = NO;
				DEBUG_INFORMATION_FORMAT = dwarf;
				ENABLE_STRICT_OBJC_MSGSEND = YES;
				ENABLE_TESTABILITY = YES;
				GCC_C_LANGUAGE_STANDARD = gnu11;
				GCC_DYNAMIC_NO_PIC = NO;
				GCC_NO_COMMON_BLOCKS = YES;
				GCC_OPTIMIZATION_LEVEL = 0;
				GCC_PREPROCESSOR_DEFINITIONS = (
					"DEBUG=1",
					"$(inherited)",
				);
				GCC_WARN_64_TO_32_BIT_CONVERSION = YES;
				GCC_WARN_ABOUT_RETURN_TYPE = YES_ERROR;
				GCC_WARN_UNDECLARED_SELECTOR = YES;
				GCC_WARN_UNINITIALIZED_AUTOS = YES_AGGRESSIVE;
				GCC_WARN_UNUSED_FUNCTION = YES;
				GCC_WARN_UNUSED_VARIABLE = YES;
				IPHONEOS_DEPLOYMENT_TARGET = 11.1;
				MTL_ENABLE_DEBUG_INFO = YES;
				ONLY_ACTIVE_ARCH = YES;
				SDKROOT = iphoneos;
				SWIFT_ACTIVE_COMPILATION_CONDITIONS = DEBUG;
				SWIFT_OPTIMIZATION_LEVEL = "-Onone";
			};
			name = Debug;
		};
		348982591FB0102F007846F1 /* Release */ = {
			isa = XCBuildConfiguration;
			buildSettings = {
				ALWAYS_SEARCH_USER_PATHS = NO;
				CLANG_ANALYZER_NONNULL = YES;
				CLANG_ANALYZER_NUMBER_OBJECT_CONVERSION = YES_AGGRESSIVE;
				CLANG_CXX_LANGUAGE_STANDARD = "gnu++14";
				CLANG_CXX_LIBRARY = "libc++";
				CLANG_ENABLE_MODULES = YES;
				CLANG_ENABLE_OBJC_ARC = YES;
				CLANG_WARN_BLOCK_CAPTURE_AUTORELEASING = YES;
				CLANG_WARN_BOOL_CONVERSION = YES;
				CLANG_WARN_COMMA = YES;
				CLANG_WARN_CONSTANT_CONVERSION = YES;
				CLANG_WARN_DIRECT_OBJC_ISA_USAGE = YES_ERROR;
				CLANG_WARN_DOCUMENTATION_COMMENTS = YES;
				CLANG_WARN_EMPTY_BODY = YES;
				CLANG_WARN_ENUM_CONVERSION = YES;
				CLANG_WARN_INFINITE_RECURSION = YES;
				CLANG_WARN_INT_CONVERSION = YES;
				CLANG_WARN_NON_LITERAL_NULL_CONVERSION = YES;
				CLANG_WARN_OBJC_LITERAL_CONVERSION = YES;
				CLANG_WARN_OBJC_ROOT_CLASS = YES_ERROR;
				CLANG_WARN_RANGE_LOOP_ANALYSIS = YES;
				CLANG_WARN_STRICT_PROTOTYPES = YES;
				CLANG_WARN_SUSPICIOUS_MOVE = YES;
				CLANG_WARN_UNGUARDED_AVAILABILITY = YES_AGGRESSIVE;
				CLANG_WARN_UNREACHABLE_CODE = YES;
				CLANG_WARN__DUPLICATE_METHOD_MATCH = YES;
				CODE_SIGN_IDENTITY = "iPhone Developer";
				COPY_PHASE_STRIP = NO;
				DEBUG_INFORMATION_FORMAT = "dwarf-with-dsym";
				ENABLE_NS_ASSERTIONS = NO;
				ENABLE_STRICT_OBJC_MSGSEND = YES;
				GCC_C_LANGUAGE_STANDARD = gnu11;
				GCC_NO_COMMON_BLOCKS = YES;
				GCC_WARN_64_TO_32_BIT_CONVERSION = YES;
				GCC_WARN_ABOUT_RETURN_TYPE = YES_ERROR;
				GCC_WARN_UNDECLARED_SELECTOR = YES;
				GCC_WARN_UNINITIALIZED_AUTOS = YES_AGGRESSIVE;
				GCC_WARN_UNUSED_FUNCTION = YES;
				GCC_WARN_UNUSED_VARIABLE = YES;
				IPHONEOS_DEPLOYMENT_TARGET = 11.1;
				MTL_ENABLE_DEBUG_INFO = NO;
				SDKROOT = iphoneos;
				SWIFT_OPTIMIZATION_LEVEL = "-Owholemodule";
				VALIDATE_PRODUCT = YES;
			};
			name = Release;
		};
		3489825B1FB0102F007846F1 /* Debug */ = {
			isa = XCBuildConfiguration;
			buildSettings = {
				ASSETCATALOG_COMPILER_APPICON_NAME = AppIcon;
				CODE_SIGN_STYLE = Automatic;
				DEVELOPMENT_TEAM = 726MUV3Y7R;
				INFOPLIST_FILE = "Conversion Calculator/Info.plist";
				LD_RUNPATH_SEARCH_PATHS = "$(inherited) @executable_path/Frameworks";
				PRODUCT_BUNDLE_IDENTIFIER = "kjf3md.Conversion-Calculator";
				PRODUCT_NAME = "$(TARGET_NAME)";
				SWIFT_VERSION = 4.0;
				TARGETED_DEVICE_FAMILY = "1,2";
			};
			name = Debug;
		};
		3489825C1FB0102F007846F1 /* Release */ = {
			isa = XCBuildConfiguration;
			buildSettings = {
				ASSETCATALOG_COMPILER_APPICON_NAME = AppIcon;
				CODE_SIGN_STYLE = Automatic;
				DEVELOPMENT_TEAM = 726MUV3Y7R;
				INFOPLIST_FILE = "Conversion Calculator/Info.plist";
				LD_RUNPATH_SEARCH_PATHS = "$(inherited) @executable_path/Frameworks";
				PRODUCT_BUNDLE_IDENTIFIER = "kjf3md.Conversion-Calculator";
				PRODUCT_NAME = "$(TARGET_NAME)";
				SWIFT_VERSION = 4.0;
				TARGETED_DEVICE_FAMILY = "1,2";
			};
			name = Release;
		};
		3489825E1FB0102F007846F1 /* Debug */ = {
			isa = XCBuildConfiguration;
			buildSettings = {
				ALWAYS_EMBED_SWIFT_STANDARD_LIBRARIES = YES;
				BUNDLE_LOADER = "$(TEST_HOST)";
				CODE_SIGN_STYLE = Automatic;
				DEVELOPMENT_TEAM = 726MUV3Y7R;
				INFOPLIST_FILE = "Conversion CalculatorTests/Info.plist";
				LD_RUNPATH_SEARCH_PATHS = "$(inherited) @executable_path/Frameworks @loader_path/Frameworks";
				PRODUCT_BUNDLE_IDENTIFIER = "kjf3md.Conversion-CalculatorTests";
				PRODUCT_NAME = "$(TARGET_NAME)";
				SWIFT_VERSION = 4.0;
				TARGETED_DEVICE_FAMILY = "1,2";
				TEST_HOST = "$(BUILT_PRODUCTS_DIR)/Conversion Calculator.app/Conversion Calculator";
			};
			name = Debug;
		};
		3489825F1FB0102F007846F1 /* Release */ = {
			isa = XCBuildConfiguration;
			buildSettings = {
				ALWAYS_EMBED_SWIFT_STANDARD_LIBRARIES = YES;
				BUNDLE_LOADER = "$(TEST_HOST)";
				CODE_SIGN_STYLE = Automatic;
				DEVELOPMENT_TEAM = 726MUV3Y7R;
				INFOPLIST_FILE = "Conversion CalculatorTests/Info.plist";
				LD_RUNPATH_SEARCH_PATHS = "$(inherited) @executable_path/Frameworks @loader_path/Frameworks";
				PRODUCT_BUNDLE_IDENTIFIER = "kjf3md.Conversion-CalculatorTests";
				PRODUCT_NAME = "$(TARGET_NAME)";
				SWIFT_VERSION = 4.0;
				TARGETED_DEVICE_FAMILY = "1,2";
				TEST_HOST = "$(BUILT_PRODUCTS_DIR)/Conversion Calculator.app/Conversion Calculator";
			};
			name = Release;
		};
		348982611FB0102F007846F1 /* Debug */ = {
			isa = XCBuildConfiguration;
			buildSettings = {
				ALWAYS_EMBED_SWIFT_STANDARD_LIBRARIES = YES;
				CODE_SIGN_STYLE = Automatic;
				DEVELOPMENT_TEAM = 726MUV3Y7R;
				INFOPLIST_FILE = "Conversion CalculatorUITests/Info.plist";
				LD_RUNPATH_SEARCH_PATHS = "$(inherited) @executable_path/Frameworks @loader_path/Frameworks";
				PRODUCT_BUNDLE_IDENTIFIER = "kjf3md.Conversion-CalculatorUITests";
				PRODUCT_NAME = "$(TARGET_NAME)";
				SWIFT_VERSION = 4.0;
				TARGETED_DEVICE_FAMILY = "1,2";
				TEST_TARGET_NAME = "Conversion Calculator";
			};
			name = Debug;
		};
		348982621FB0102F007846F1 /* Release */ = {
			isa = XCBuildConfiguration;
			buildSettings = {
				ALWAYS_EMBED_SWIFT_STANDARD_LIBRARIES = YES;
				CODE_SIGN_STYLE = Automatic;
				DEVELOPMENT_TEAM = 726MUV3Y7R;
				INFOPLIST_FILE = "Conversion CalculatorUITests/Info.plist";
				LD_RUNPATH_SEARCH_PATHS = "$(inherited) @executable_path/Frameworks @loader_path/Frameworks";
				PRODUCT_BUNDLE_IDENTIFIER = "kjf3md.Conversion-CalculatorUITests";
				PRODUCT_NAME = "$(TARGET_NAME)";
				SWIFT_VERSION = 4.0;
				TARGETED_DEVICE_FAMILY = "1,2";
				TEST_TARGET_NAME = "Conversion Calculator";
			};
			name = Release;
		};
/* End XCBuildConfiguration section */

/* Begin XCConfigurationList section */
		3489822D1FB0102F007846F1 /* Build configuration list for PBXProject "Conversion Calculator" */ = {
			isa = XCConfigurationList;
			buildConfigurations = (
				348982581FB0102F007846F1 /* Debug */,
				348982591FB0102F007846F1 /* Release */,
			);
			defaultConfigurationIsVisible = 0;
			defaultConfigurationName = Release;
		};
		3489825A1FB0102F007846F1 /* Build configuration list for PBXNativeTarget "Conversion Calculator" */ = {
			isa = XCConfigurationList;
			buildConfigurations = (
				3489825B1FB0102F007846F1 /* Debug */,
				3489825C1FB0102F007846F1 /* Release */,
			);
			defaultConfigurationIsVisible = 0;
			defaultConfigurationName = Release;
		};
		3489825D1FB0102F007846F1 /* Build configuration list for PBXNativeTarget "Conversion CalculatorTests" */ = {
			isa = XCConfigurationList;
			buildConfigurations = (
				3489825E1FB0102F007846F1 /* Debug */,
				3489825F1FB0102F007846F1 /* Release */,
			);
			defaultConfigurationIsVisible = 0;
			defaultConfigurationName = Release;
		};
		348982601FB0102F007846F1 /* Build configuration list for PBXNativeTarget "Conversion CalculatorUITests" */ = {
			isa = XCConfigurationList;
			buildConfigurations = (
				348982611FB0102F007846F1 /* Debug */,
				348982621FB0102F007846F1 /* Release */,
			);
			defaultConfigurationIsVisible = 0;
			defaultConfigurationName = Release;
		};
/* End XCConfigurationList section */
	};
	rootObject = 3489822A1FB0102F007846F1 /* Project object */;
}
